
Microsoft Visual Studio Solution File, Format Version 12.00
# Visual Studio Version 16
VisualStudioVersion = 16.0.30128.74
MinimumVisualStudioVersion = 10.0.40219.1
Project("{FAE04EC0-301F-11D3-BF4B-00C04F79EFBC}") = "Tests-Web-Api", "Tests-Web-Api\Tests-Web-Api.csproj", "{2B528902-2F10-4F92-833B-11215EC31E70}"
EndProject
Global
	GlobalSection(SolutionConfigurationPlatforms) = preSolution
		Debug|Any CPU = Debug|Any CPU
		Release|Any CPU = Release|Any CPU
	EndGlobalSection
	GlobalSection(ProjectConfigurationPlatforms) = postSolution
		{2B528902-2F10-4F92-833B-11215EC31E70}.Debug|Any CPU.ActiveCfg = Debug|Any CPU
		{2B528902-2F10-4F92-833B-11215EC31E70}.Debug|Any CPU.Build.0 = Debug|Any CPU
		{2B528902-2F10-4F92-833B-11215EC31E70}.Release|Any CPU.ActiveCfg = Release|Any CPU
		{2B528902-2F10-4F92-833B-11215EC31E70}.Release|Any CPU.Build.0 = Release|Any CPU
	EndGlobalSection
	GlobalSection(SolutionProperties) = preSolution
		HideSolutionNode = FALSE
	EndGlobalSection
	GlobalSection(ExtensibilityGlobals) = postSolution
		SolutionGuid = {3B5F5363-B335-4565-B13E-0392AC2E41DD}
	EndGlobalSection
EndGlobal
